
Microsoft Visual Studio Solution File, Format Version 12.00
# Visual Studio Version 16
VisualStudioVersion = 16.0.31205.134
MinimumVisualStudioVersion = 10.0.40219.1
Project("{FAE04EC0-301F-11D3-BF4B-00C04F79EFBC}") = "KanBankasi", "KanBankasi\KanBankasi.csproj", "{C047AED7-8D8B-4F41-9EA5-C53713A80FF9}"
EndProject
Global
	GlobalSection(SolutionConfigurationPlatforms) = preSolution
		Debug|Any CPU = Debug|Any CPU
		Release|Any CPU = Release|Any CPU
	EndGlobalSection
	GlobalSection(ProjectConfigurationPlatforms) = postSolution
		{C047AED7-8D8B-4F41-9EA5-C53713A80FF9}.Debug|Any CPU.ActiveCfg = Debug|Any CPU
		{C047AED7-8D8B-4F41-9EA5-C53713A80FF9}.Debug|Any CPU.Build.0 = Debug|Any CPU
		{C047AED7-8D8B-4F41-9EA5-C53713A80FF9}.Release|Any CPU.ActiveCfg = Release|Any CPU
		{C047AED7-8D8B-4F41-9EA5-C53713A80FF9}.Release|Any CPU.Build.0 = Release|Any CPU
	EndGlobalSection
	GlobalSection(SolutionProperties) = preSolution
		HideSolutionNode = FALSE
	EndGlobalSection
	GlobalSection(ExtensibilityGlobals) = postSolution
		SolutionGuid = {872ABD36-7EDA-404B-9DF8-9F19BF1FAF11}
	EndGlobalSection
EndGlobal
